{
  "name": "januar-prot",
  "version": "1.0.0",
  "lockfileVersion": 1,
  "requires": true,
  "dependencies": {
    "bootstrap-css-only": {
      "version": "4.3.1",
      "resolved": "https://registry.npmjs.org/bootstrap-css-only/-/bootstrap-css-only-4.3.1.tgz",
      "integrity": "sha512-xPQNmTR6skX7boM3Q/K2vWDL8RFhfHm5PbTcn/vd7nZtkzg9tc6ScNreIIsMaP9QLUxeqvUx+OGnDaiK4KBRiQ=="
    },
    "fullpage.js": {
      "version": "3.0.8",
      "resolved": "https://registry.npmjs.org/fullpage.js/-/fullpage.js-3.0.8.tgz",
      "integrity": "sha512-r4B/MNuxylgzSlY+w4klD0lYYlmzEy7doDvurupAuO1ObKBgu9EB5GPuoeJTP7t/njFlzAM/Wu/I+FL3WvudCw=="
    }
  }
}
